
Microsoft Visual Studio Solution File, Format Version 12.00
# Visual Studio Version 17
VisualStudioVersion = 17.6.33815.320
MinimumVisualStudioVersion = 10.0.40219.1
Project("{FAE04EC0-301F-11D3-BF4B-00C04F79EFBC}") = "ComputeServerTempMonitor", "ComputeServerTempMonitor\ComputeServerTempMonitor.csproj", "{F502FB7E-4395-4883-B260-C125396B8791}"
EndProject
Project("{2150E333-8FDC-42A3-9474-1A3956D46DE8}") = "Solution Items", "Solution Items", "{19D15D0C-E35C-4B5C-857E-94EA30BC6BDB}"
	ProjectSection(SolutionItems) = preProject
		.editorconfig = .editorconfig
	EndProjectSection
EndProject
Global
	GlobalSection(SolutionConfigurationPlatforms) = preSolution
		Debug|Any CPU = Debug|Any CPU
		Release|Any CPU = Release|Any CPU
	EndGlobalSection
	GlobalSection(ProjectConfigurationPlatforms) = postSolution
		{F502FB7E-4395-4883-B260-C125396B8791}.Debug|Any CPU.ActiveCfg = Debug|Any CPU
		{F502FB7E-4395-4883-B260-C125396B8791}.Debug|Any CPU.Build.0 = Debug|Any CPU
		{F502FB7E-4395-4883-B260-C125396B8791}.Release|Any CPU.ActiveCfg = Release|Any CPU
		{F502FB7E-4395-4883-B260-C125396B8791}.Release|Any CPU.Build.0 = Release|Any CPU
	EndGlobalSection
	GlobalSection(SolutionProperties) = preSolution
		HideSolutionNode = FALSE
	EndGlobalSection
	GlobalSection(ExtensibilityGlobals) = postSolution
		SolutionGuid = {825C01A3-8310-4854-B6BD-4B2DA674B072}
	EndGlobalSection
EndGlobal
